
Microsoft Visual Studio Solution File, Format Version 12.00
# Visual Studio 14
VisualStudioVersion = 14.0.25420.1
MinimumVisualStudioVersion = 10.0.40219.1
Project("{FAE04EC0-301F-11D3-BF4B-00C04F79EFBC}") = "SDP.CSharp.Excercise1.GarbageCollection", "SDP.CSharp.Excercise1.GarbageCollection\SDP.CSharp.Excercise1.GarbageCollection.csproj", "{B1BEB423-8096-49DB-9D35-4F80FD5C56BA}"
EndProject
Project("{FAE04EC0-301F-11D3-BF4B-00C04F79EFBC}") = "SDP.CSharp.Excercise2.ReferenceAndValueTypes", "SDP.CSharp.Excercise2.ReferenceAndValueTpes\SDP.CSharp.Excercise2.ReferenceAndValueTypes.csproj", "{0F1498F1-4936-4C5F-9EC5-BE3D720B8080}"
EndProject
Project("{FAE04EC0-301F-11D3-BF4B-00C04F79EFBC}") = "SDP.CSharp.Excercise3.IEnumerable", "SDP.CSharp.Excercise3.IEnumerable\SDP.CSharp.Excercise3.IEnumerable.csproj", "{8C31F65B-218F-4F18-B536-D79830FEF4F1}"
EndProject
Project("{FAE04EC0-301F-11D3-BF4B-00C04F79EFBC}") = "SDP.CSharp.Excercise4.AnonymousTypesAndLambdas", "SDP.CSharp.Excercise4.AnonymousTypesAndLambdas\SDP.CSharp.Excercise4.AnonymousTypesAndLambdas.csproj", "{0582DEC2-DFEF-4679-8A45-31494B8AEDDE}"
EndProject
Global
	GlobalSection(SolutionConfigurationPlatforms) = preSolution
		Debug|Any CPU = Debug|Any CPU
		Release|Any CPU = Release|Any CPU
	EndGlobalSection
	GlobalSection(ProjectConfigurationPlatforms) = postSolution
		{B1BEB423-8096-49DB-9D35-4F80FD5C56BA}.Debug|Any CPU.ActiveCfg = Debug|Any CPU
		{B1BEB423-8096-49DB-9D35-4F80FD5C56BA}.Debug|Any CPU.Build.0 = Debug|Any CPU
		{B1BEB423-8096-49DB-9D35-4F80FD5C56BA}.Release|Any CPU.ActiveCfg = Release|Any CPU
		{B1BEB423-8096-49DB-9D35-4F80FD5C56BA}.Release|Any CPU.Build.0 = Release|Any CPU
		{0F1498F1-4936-4C5F-9EC5-BE3D720B8080}.Debug|Any CPU.ActiveCfg = Debug|Any CPU
		{0F1498F1-4936-4C5F-9EC5-BE3D720B8080}.Debug|Any CPU.Build.0 = Debug|Any CPU
		{0F1498F1-4936-4C5F-9EC5-BE3D720B8080}.Release|Any CPU.ActiveCfg = Release|Any CPU
		{0F1498F1-4936-4C5F-9EC5-BE3D720B8080}.Release|Any CPU.Build.0 = Release|Any CPU
		{8C31F65B-218F-4F18-B536-D79830FEF4F1}.Debug|Any CPU.ActiveCfg = Debug|Any CPU
		{8C31F65B-218F-4F18-B536-D79830FEF4F1}.Debug|Any CPU.Build.0 = Debug|Any CPU
		{8C31F65B-218F-4F18-B536-D79830FEF4F1}.Release|Any CPU.ActiveCfg = Release|Any CPU
		{8C31F65B-218F-4F18-B536-D79830FEF4F1}.Release|Any CPU.Build.0 = Release|Any CPU
		{0582DEC2-DFEF-4679-8A45-31494B8AEDDE}.Debug|Any CPU.ActiveCfg = Debug|Any CPU
		{0582DEC2-DFEF-4679-8A45-31494B8AEDDE}.Debug|Any CPU.Build.0 = Debug|Any CPU
		{0582DEC2-DFEF-4679-8A45-31494B8AEDDE}.Release|Any CPU.ActiveCfg = Release|Any CPU
		{0582DEC2-DFEF-4679-8A45-31494B8AEDDE}.Release|Any CPU.Build.0 = Release|Any CPU
	EndGlobalSection
	GlobalSection(SolutionProperties) = preSolution
		HideSolutionNode = FALSE
	EndGlobalSection
EndGlobal
